
Microsoft Visual Studio Solution File, Format Version 12.00
# Visual Studio Version 16
VisualStudioVersion = 16.0.30204.135
MinimumVisualStudioVersion = 10.0.40219.1
Project("{FAE04EC0-301F-11D3-BF4B-00C04F79EFBC}") = "Maps", "Maps\Maps.csproj", "{D39D65D3-3514-459C-842B-D0BD5957FFF8}"
EndProject
Global
	GlobalSection(SolutionConfigurationPlatforms) = preSolution
		Debug|Any CPU = Debug|Any CPU
		Release|Any CPU = Release|Any CPU
	EndGlobalSection
	GlobalSection(ProjectConfigurationPlatforms) = postSolution
		{D39D65D3-3514-459C-842B-D0BD5957FFF8}.Debug|Any CPU.ActiveCfg = Debug|Any CPU
		{D39D65D3-3514-459C-842B-D0BD5957FFF8}.Debug|Any CPU.Build.0 = Debug|Any CPU
		{D39D65D3-3514-459C-842B-D0BD5957FFF8}.Release|Any CPU.ActiveCfg = Release|Any CPU
		{D39D65D3-3514-459C-842B-D0BD5957FFF8}.Release|Any CPU.Build.0 = Release|Any CPU
	EndGlobalSection
	GlobalSection(SolutionProperties) = preSolution
		HideSolutionNode = FALSE
	EndGlobalSection
	GlobalSection(ExtensibilityGlobals) = postSolution
		SolutionGuid = {CE39F1CD-6537-4A79-85AB-49EA7EAA22A8}
	EndGlobalSection
EndGlobal
